
Microsoft Visual Studio Solution File, Format Version 12.00
# Visual Studio Version 17
VisualStudioVersion = 17.6.33815.320
MinimumVisualStudioVersion = 10.0.40219.1
Project("{8BC9CEB8-8B4A-11D0-8D11-00A0C91BC942}") = "HelloCpp", "HelloCpp\HelloCpp.vcxproj", "{405DEBED-4BF1-4B2B-AC08-0086348E3C5E}"
EndProject
Project("{8BC9CEB8-8B4A-11D0-8D11-00A0C91BC942}") = "CoutSample", "CoutSample\CoutSample.vcxproj", "{F30447FD-07A3-437F-AE71-F770383C9C3F}"
EndProject
Project("{8BC9CEB8-8B4A-11D0-8D11-00A0C91BC942}") = "CoutString", "CoutString\CoutString.vcxproj", "{4807F116-4022-4DB2-8EB5-DDC617A0515C}"
EndProject
Project("{8BC9CEB8-8B4A-11D0-8D11-00A0C91BC942}") = "CinString", "CinString\CinString.vcxproj", "{7D963A44-7FCE-4855-962A-EE435937BDD8}"
EndProject
Project("{8BC9CEB8-8B4A-11D0-8D11-00A0C91BC942}") = "AutoSample", "AutoSample\AutoSample.vcxproj", "{23A76BBA-4D5C-4118-93C5-F935DDB70CD5}"
EndProject
Project("{8BC9CEB8-8B4A-11D0-8D11-00A0C91BC942}") = "NewDeleteSample", "NewDeleteSample\NewDeleteSample.vcxproj", "{498399A5-1C64-427E-9691-7F490E6E4EFE}"
EndProject
Project("{8BC9CEB8-8B4A-11D0-8D11-00A0C91BC942}") = "NewDeleteArray", "NewDeleteArray\NewDeleteArray.vcxproj", "{BC9188E5-0976-4C1E-9F0B-9846E50B6598}"
EndProject
Project("{8BC9CEB8-8B4A-11D0-8D11-00A0C91BC942}") = "ReferenceType", "ReferenceType\ReferenceType.vcxproj", "{8E6FB8ED-8212-45D7-841C-8CCAD9763914}"
EndProject
Project("{8BC9CEB8-8B4A-11D0-8D11-00A0C91BC942}") = "RvalueSample", "RvalueSample\RvalueSample.vcxproj", "{59C742C2-7008-4839-A4EB-7CAB224DDFFD}"
EndProject
Project("{8BC9CEB8-8B4A-11D0-8D11-00A0C91BC942}") = "RangeBasedfor", "RangeBasedfor\RangeBasedfor.vcxproj", "{C01E92C9-AF2C-48D5-B98D-1F75B778BA1D}"
EndProject
Project("{8BC9CEB8-8B4A-11D0-8D11-00A0C91BC942}") = "CallByReference", "CallByReference\CallByReference.vcxproj", "{2F50CE84-5C31-4CE1-A99F-57210A5E45D5}"
EndProject
Project("{8BC9CEB8-8B4A-11D0-8D11-00A0C91BC942}") = "ReferenceSwap", "ReferenceSwap\ReferenceSwap.vcxproj", "{BCB24080-0E58-45F1-A087-11001E8B1E9D}"
EndProject
Project("{8BC9CEB8-8B4A-11D0-8D11-00A0C91BC942}") = "Practice1", "Practice1\Practice1.vcxproj", "{D2DD3AA5-9143-4311-88C3-4D3E2BF169B9}"
EndProject
Project("{8BC9CEB8-8B4A-11D0-8D11-00A0C91BC942}") = "Practice2", "Practice2\Practice2.vcxproj", "{1528B955-2CF1-4A00-9D03-2A201D37804F}"
EndProject
Global
	GlobalSection(SolutionConfigurationPlatforms) = preSolution
		Debug|x64 = Debug|x64
		Debug|x86 = Debug|x86
		Release|x64 = Release|x64
		Release|x86 = Release|x86
	EndGlobalSection
	GlobalSection(ProjectConfigurationPlatforms) = postSolution
		{405DEBED-4BF1-4B2B-AC08-0086348E3C5E}.Debug|x64.ActiveCfg = Debug|x64
		{405DEBED-4BF1-4B2B-AC08-0086348E3C5E}.Debug|x64.Build.0 = Debug|x64
		{405DEBED-4BF1-4B2B-AC08-0086348E3C5E}.Debug|x86.ActiveCfg = Debug|Win32
		{405DEBED-4BF1-4B2B-AC08-0086348E3C5E}.Debug|x86.Build.0 = Debug|Win32
		{405DEBED-4BF1-4B2B-AC08-0086348E3C5E}.Release|x64.ActiveCfg = Release|x64
		{405DEBED-4BF1-4B2B-AC08-0086348E3C5E}.Release|x64.Build.0 = Release|x64
		{405DEBED-4BF1-4B2B-AC08-0086348E3C5E}.Release|x86.ActiveCfg = Release|Win32
		{405DEBED-4BF1-4B2B-AC08-0086348E3C5E}.Release|x86.Build.0 = Release|Win32
		{F30447FD-07A3-437F-AE71-F770383C9C3F}.Debug|x64.ActiveCfg = Debug|x64
		{F30447FD-07A3-437F-AE71-F770383C9C3F}.Debug|x64.Build.0 = Debug|x64
		{F30447FD-07A3-437F-AE71-F770383C9C3F}.Debug|x86.ActiveCfg = Debug|Win32
		{F30447FD-07A3-437F-AE71-F770383C9C3F}.Debug|x86.Build.0 = Debug|Win32
		{F30447FD-07A3-437F-AE71-F770383C9C3F}.Release|x64.ActiveCfg = Release|x64
		{F30447FD-07A3-437F-AE71-F770383C9C3F}.Release|x64.Build.0 = Release|x64
		{F30447FD-07A3-437F-AE71-F770383C9C3F}.Release|x86.ActiveCfg = Release|Win32
		{F30447FD-07A3-437F-AE71-F770383C9C3F}.Release|x86.Build.0 = Release|Win32
		{4807F116-4022-4DB2-8EB5-DDC617A0515C}.Debug|x64.ActiveCfg = Debug|x64
		{4807F116-4022-4DB2-8EB5-DDC617A0515C}.Debug|x64.Build.0 = Debug|x64
		{4807F116-4022-4DB2-8EB5-DDC617A0515C}.Debug|x86.ActiveCfg = Debug|Win32
		{4807F116-4022-4DB2-8EB5-DDC617A0515C}.Debug|x86.Build.0 = Debug|Win32
		{4807F116-4022-4DB2-8EB5-DDC617A0515C}.Release|x64.ActiveCfg = Release|x64
		{4807F116-4022-4DB2-8EB5-DDC617A0515C}.Release|x64.Build.0 = Release|x64
		{4807F116-4022-4DB2-8EB5-DDC617A0515C}.Release|x86.ActiveCfg = Release|Win32
		{4807F116-4022-4DB2-8EB5-DDC617A0515C}.Release|x86.Build.0 = Release|Win32
		{7D963A44-7FCE-4855-962A-EE435937BDD8}.Debug|x64.ActiveCfg = Debug|x64
		{7D963A44-7FCE-4855-962A-EE435937BDD8}.Debug|x64.Build.0 = Debug|x64
		{7D963A44-7FCE-4855-962A-EE435937BDD8}.Debug|x86.ActiveCfg = Debug|Win32
		{7D963A44-7FCE-4855-962A-EE435937BDD8}.Debug|x86.Build.0 = Debug|Win32
		{7D963A44-7FCE-4855-962A-EE435937BDD8}.Release|x64.ActiveCfg = Release|x64
		{7D963A44-7FCE-4855-962A-EE435937BDD8}.Release|x64.Build.0 = Release|x64
		{7D963A44-7FCE-4855-962A-EE435937BDD8}.Release|x86.ActiveCfg = Release|Win32
		{7D963A44-7FCE-4855-962A-EE435937BDD8}.Release|x86.Build.0 = Release|Win32
		{23A76BBA-4D5C-4118-93C5-F935DDB70CD5}.Debug|x64.ActiveCfg = Debug|x64
		{23A76BBA-4D5C-4118-93C5-F935DDB70CD5}.Debug|x64.Build.0 = Debug|x64
		{23A76BBA-4D5C-4118-93C5-F935DDB70CD5}.Debug|x86.ActiveCfg = Debug|Win32
		{23A76BBA-4D5C-4118-93C5-F935DDB70CD5}.Debug|x86.Build.0 = Debug|Win32
		{23A76BBA-4D5C-4118-93C5-F935DDB70CD5}.Release|x64.ActiveCfg = Release|x64
		{23A76BBA-4D5C-4118-93C5-F935DDB70CD5}.Release|x64.Build.0 = Release|x64
		{23A76BBA-4D5C-4118-93C5-F935DDB70CD5}.Release|x86.ActiveCfg = Release|Win32
		{23A76BBA-4D5C-4118-93C5-F935DDB70CD5}.Release|x86.Build.0 = Release|Win32
		{498399A5-1C64-427E-9691-7F490E6E4EFE}.Debug|x64.ActiveCfg = Debug|x64
		{498399A5-1C64-427E-9691-7F490E6E4EFE}.Debug|x64.Build.0 = Debug|x64
		{498399A5-1C64-427E-9691-7F490E6E4EFE}.Debug|x86.ActiveCfg = Debug|Win32
		{498399A5-1C64-427E-9691-7F490E6E4EFE}.Debug|x86.Build.0 = Debug|Win32
		{498399A5-1C64-427E-9691-7F490E6E4EFE}.Release|x64.ActiveCfg = Release|x64
		{498399A5-1C64-427E-9691-7F490E6E4EFE}.Release|x64.Build.0 = Release|x64
		{498399A5-1C64-427E-9691-7F490E6E4EFE}.Release|x86.ActiveCfg = Release|Win32
		{498399A5-1C64-427E-9691-7F490E6E4EFE}.Release|x86.Build.0 = Release|Win32
		{BC9188E5-0976-4C1E-9F0B-9846E50B6598}.Debug|x64.ActiveCfg = Debug|x64
		{BC9188E5-0976-4C1E-9F0B-9846E50B6598}.Debug|x64.Build.0 = Debug|x64
		{BC9188E5-0976-4C1E-9F0B-9846E50B6598}.Debug|x86.ActiveCfg = Debug|Win32
		{BC9188E5-0976-4C1E-9F0B-9846E50B6598}.Debug|x86.Build.0 = Debug|Win32
		{BC9188E5-0976-4C1E-9F0B-9846E50B6598}.Release|x64.ActiveCfg = Release|x64
		{BC9188E5-0976-4C1E-9F0B-9846E50B6598}.Release|x64.Build.0 = Release|x64
		{BC9188E5-0976-4C1E-9F0B-9846E50B6598}.Release|x86.ActiveCfg = Release|Win32
		{BC9188E5-0976-4C1E-9F0B-9846E50B6598}.Release|x86.Build.0 = Release|Win32
		{8E6FB8ED-8212-45D7-841C-8CCAD9763914}.Debug|x64.ActiveCfg = Debug|x64
		{8E6FB8ED-8212-45D7-841C-8CCAD9763914}.Debug|x64.Build.0 = Debug|x64
		{8E6FB8ED-8212-45D7-841C-8CCAD9763914}.Debug|x86.ActiveCfg = Debug|Win32
		{8E6FB8ED-8212-45D7-841C-8CCAD9763914}.Debug|x86.Build.0 = Debug|Win32
		{8E6FB8ED-8212-45D7-841C-8CCAD9763914}.Release|x64.ActiveCfg = Release|x64
		{8E6FB8ED-8212-45D7-841C-8CCAD9763914}.Release|x64.Build.0 = Release|x64
		{8E6FB8ED-8212-45D7-841C-8CCAD9763914}.Release|x86.ActiveCfg = Release|Win32
		{8E6FB8ED-8212-45D7-841C-8CCAD9763914}.Release|x86.Build.0 = Release|Win32
		{59C742C2-7008-4839-A4EB-7CAB224DDFFD}.Debug|x64.ActiveCfg = Debug|x64
		{59C742C2-7008-4839-A4EB-7CAB224DDFFD}.Debug|x64.Build.0 = Debug|x64
		{59C742C2-7008-4839-A4EB-7CAB224DDFFD}.Debug|x86.ActiveCfg = Debug|Win32
		{59C742C2-7008-4839-A4EB-7CAB224DDFFD}.Debug|x86.Build.0 = Debug|Win32
		{59C742C2-7008-4839-A4EB-7CAB224DDFFD}.Release|x64.ActiveCfg = Release|x64
		{59C742C2-7008-4839-A4EB-7CAB224DDFFD}.Release|x64.Build.0 = Release|x64
		{59C742C2-7008-4839-A4EB-7CAB224DDFFD}.Release|x86.ActiveCfg = Release|Win32
		{59C742C2-7008-4839-A4EB-7CAB224DDFFD}.Release|x86.Build.0 = Release|Win32
		{C01E92C9-AF2C-48D5-B98D-1F75B778BA1D}.Debug|x64.ActiveCfg = Debug|x64
		{C01E92C9-AF2C-48D5-B98D-1F75B778BA1D}.Debug|x64.Build.0 = Debug|x64
		{C01E92C9-AF2C-48D5-B98D-1F75B778BA1D}.Debug|x86.ActiveCfg = Debug|Win32
		{C01E92C9-AF2C-48D5-B98D-1F75B778BA1D}.Debug|x86.Build.0 = Debug|Win32
		{C01E92C9-AF2C-48D5-B98D-1F75B778BA1D}.Release|x64.ActiveCfg = Release|x64
		{C01E92C9-AF2C-48D5-B98D-1F75B778BA1D}.Release|x64.Build.0 = Release|x64
		{C01E92C9-AF2C-48D5-B98D-1F75B778BA1D}.Release|x86.ActiveCfg = Release|Win32
		{C01E92C9-AF2C-48D5-B98D-1F75B778BA1D}.Release|x86.Build.0 = Release|Win32
		{2F50CE84-5C31-4CE1-A99F-57210A5E45D5}.Debug|x64.ActiveCfg = Debug|x64
		{2F50CE84-5C31-4CE1-A99F-57210A5E45D5}.Debug|x64.Build.0 = Debug|x64
		{2F50CE84-5C31-4CE1-A99F-57210A5E45D5}.Debug|x86.ActiveCfg = Debug|Win32
		{2F50CE84-5C31-4CE1-A99F-57210A5E45D5}.Debug|x86.Build.0 = Debug|Win32
		{2F50CE84-5C31-4CE1-A99F-57210A5E45D5}.Release|x64.ActiveCfg = Release|x64
		{2F50CE84-5C31-4CE1-A99F-57210A5E45D5}.Release|x64.Build.0 = Release|x64
		{2F50CE84-5C31-4CE1-A99F-57210A5E45D5}.Release|x86.ActiveCfg = Release|Win32
		{2F50CE84-5C31-4CE1-A99F-57210A5E45D5}.Release|x86.Build.0 = Release|Win32
		{BCB24080-0E58-45F1-A087-11001E8B1E9D}.Debug|x64.ActiveCfg = Debug|x64
		{BCB24080-0E58-45F1-A087-11001E8B1E9D}.Debug|x64.Build.0 = Debug|x64
		{BCB24080-0E58-45F1-A087-11001E8B1E9D}.Debug|x86.ActiveCfg = Debug|Win32
		{BCB24080-0E58-45F1-A087-11001E8B1E9D}.Debug|x86.Build.0 = Debug|Win32
		{BCB24080-0E58-45F1-A087-11001E8B1E9D}.Release|x64.ActiveCfg = Release|x64
		{BCB24080-0E58-45F1-A087-11001E8B1E9D}.Release|x64.Build.0 = Release|x64
		{BCB24080-0E58-45F1-A087-11001E8B1E9D}.Release|x86.ActiveCfg = Release|Win32
		{BCB24080-0E58-45F1-A087-11001E8B1E9D}.Release|x86.Build.0 = Release|Win32
		{D2DD3AA5-9143-4311-88C3-4D3E2BF169B9}.Debug|x64.ActiveCfg = Debug|x64
		{D2DD3AA5-9143-4311-88C3-4D3E2BF169B9}.Debug|x64.Build.0 = Debug|x64
		{D2DD3AA5-9143-4311-88C3-4D3E2BF169B9}.Debug|x86.ActiveCfg = Debug|Win32
		{D2DD3AA5-9143-4311-88C3-4D3E2BF169B9}.Debug|x86.Build.0 = Debug|Win32
		{D2DD3AA5-9143-4311-88C3-4D3E2BF169B9}.Release|x64.ActiveCfg = Release|x64
		{D2DD3AA5-9143-4311-88C3-4D3E2BF169B9}.Release|x64.Build.0 = Release|x64
		{D2DD3AA5-9143-4311-88C3-4D3E2BF169B9}.Release|x86.ActiveCfg = Release|Win32
		{D2DD3AA5-9143-4311-88C3-4D3E2BF169B9}.Release|x86.Build.0 = Release|Win32
		{1528B955-2CF1-4A00-9D03-2A201D37804F}.Debug|x64.ActiveCfg = Debug|x64
		{1528B955-2CF1-4A00-9D03-2A201D37804F}.Debug|x64.Build.0 = Debug|x64
		{1528B955-2CF1-4A00-9D03-2A201D37804F}.Debug|x86.ActiveCfg = Debug|Win32
		{1528B955-2CF1-4A00-9D03-2A201D37804F}.Debug|x86.Build.0 = Debug|Win32
		{1528B955-2CF1-4A00-9D03-2A201D37804F}.Release|x64.ActiveCfg = Release|x64
		{1528B955-2CF1-4A00-9D03-2A201D37804F}.Release|x64.Build.0 = Release|x64
		{1528B955-2CF1-4A00-9D03-2A201D37804F}.Release|x86.ActiveCfg = Release|Win32
		{1528B955-2CF1-4A00-9D03-2A201D37804F}.Release|x86.Build.0 = Release|Win32
	EndGlobalSection
	GlobalSection(SolutionProperties) = preSolution
		HideSolutionNode = FALSE
	EndGlobalSection
	GlobalSection(ExtensibilityGlobals) = postSolution
		SolutionGuid = {6B18D2AE-AF29-4085-8E39-EC5E4747288D}
	EndGlobalSection
EndGlobal
