
Microsoft Visual Studio Solution File, Format Version 12.00
# Visual Studio Version 17
VisualStudioVersion = 17.6.33815.320
MinimumVisualStudioVersion = 10.0.40219.1
Project("{8BC9CEB8-8B4A-11D0-8D11-00A0C91BC942}") = "HelloOOP1", "HelloOOP1\HelloOOP1.vcxproj", "{2D5101C9-48DB-430A-98D8-C268AE66A7D3}"
EndProject
Project("{8BC9CEB8-8B4A-11D0-8D11-00A0C91BC942}") = "HelloOOP2", "HelloOOP2\HelloOOP2.vcxproj", "{A25F94F4-194D-4EC2-B7C4-32B9D88F8095}"
EndProject
Project("{8BC9CEB8-8B4A-11D0-8D11-00A0C91BC942}") = "HelloOOP3", "HelloOOP3\HelloOOP3.vcxproj", "{39A68091-E02E-49E3-88EB-273308CC535C}"
EndProject
Project("{8BC9CEB8-8B4A-11D0-8D11-00A0C91BC942}") = "HelloOOP", "HelloOOP\HelloOOP.vcxproj", "{701A20B0-F879-4A42-915D-B896922BC62F}"
EndProject
Project("{8BC9CEB8-8B4A-11D0-8D11-00A0C91BC942}") = "MemberInit1", "MemberInit1\MemberInit1.vcxproj", "{BB447001-BD49-4686-B3D1-A1FAEED685F3}"
EndProject
Project("{8BC9CEB8-8B4A-11D0-8D11-00A0C91BC942}") = "MemberInit2", "MemberInit2\MemberInit2.vcxproj", "{372BE6BF-3968-4318-85DB-C08D827FBDA2}"
EndProject
Project("{8BC9CEB8-8B4A-11D0-8D11-00A0C91BC942}") = "MemberInit3", "MemberInit3\MemberInit3.vcxproj", "{624F7BDC-DC3E-4450-AD6B-48089BC04029}"
EndProject
Project("{8BC9CEB8-8B4A-11D0-8D11-00A0C91BC942}") = "MemberInit4", "MemberInit4\MemberInit4.vcxproj", "{912CFAA8-409F-4968-9390-E9C765783A0F}"
EndProject
Project("{8BC9CEB8-8B4A-11D0-8D11-00A0C91BC942}") = "MemberInit5", "MemberInit5\MemberInit5.vcxproj", "{102FB4C6-6243-4BFE-AA50-16F82DE67F6A}"
EndProject
Project("{8BC9CEB8-8B4A-11D0-8D11-00A0C91BC942}") = "AccessCtrl", "AccessCtrl\AccessCtrl.vcxproj", "{1EA91950-4574-4180-809D-C7931DEF7A0C}"
EndProject
Project("{8BC9CEB8-8B4A-11D0-8D11-00A0C91BC942}") = "Constructor", "Constructor\Constructor.vcxproj", "{736C66DD-66D9-465D-B3F2-16F278488BD9}"
EndProject
Project("{8BC9CEB8-8B4A-11D0-8D11-00A0C91BC942}") = "Constructor2", "Constructor2\Constructor2.vcxproj", "{40BB3AD6-8BB8-4F62-9787-C0D6F5F6F072}"
EndProject
Project("{8BC9CEB8-8B4A-11D0-8D11-00A0C91BC942}") = "Constructor3", "Constructor3\Constructor3.vcxproj", "{5CD4E60B-FCD4-478C-9C30-D4D53B0966C0}"
EndProject
Project("{8BC9CEB8-8B4A-11D0-8D11-00A0C91BC942}") = "ConstructorTest", "ConstructorTest\ConstructorTest.vcxproj", "{9D84F562-C048-4CEC-8AE9-3072CFCB8493}"
EndProject
Project("{8BC9CEB8-8B4A-11D0-8D11-00A0C91BC942}") = "ClassNew", "ClassNew\ClassNew.vcxproj", "{699130B5-D485-452C-9AFA-E92C3CD884A8}"
EndProject
Project("{8BC9CEB8-8B4A-11D0-8D11-00A0C91BC942}") = "ClassNewArray", "ClassNewArray\ClassNewArray.vcxproj", "{A2B83418-3CD4-4A78-8B57-EB2A13B3251A}"
EndProject
Project("{8BC9CEB8-8B4A-11D0-8D11-00A0C91BC942}") = "RefSample", "RefSample\RefSample.vcxproj", "{266E1AC3-E828-4601-97E0-10F9EA30AC25}"
EndProject
Project("{8BC9CEB8-8B4A-11D0-8D11-00A0C91BC942}") = "ConstructorOver1", "ConstructorOver1\ConstructorOver1.vcxproj", "{328FF53C-91EE-491B-BB7B-A0B99906D083}"
EndProject
Project("{8BC9CEB8-8B4A-11D0-8D11-00A0C91BC942}") = "ConstructOver2", "ConstructOver2\ConstructOver2.vcxproj", "{C622AD26-9A86-4DCB-8F37-F7C17BC5CA29}"
EndProject
Project("{8BC9CEB8-8B4A-11D0-8D11-00A0C91BC942}") = "ExpDefaultConstructor", "ExpDefaultConstructor\ExpDefaultConstructor.vcxproj", "{13790B70-C4D4-407E-A0B3-7DE4909CBF08}"
EndProject
Project("{8BC9CEB8-8B4A-11D0-8D11-00A0C91BC942}") = "ThisPointer", "ThisPointer\ThisPointer.vcxproj", "{926D3FF3-B100-426B-AF4B-6FFF2177DEFB}"
EndProject
Project("{2150E333-8FDC-42A3-9474-1A3956D46DE8}") = "Practice1", "Practice1", "{E377CA7C-76AD-4603-A95E-22651D553309}"
EndProject
Project("{8BC9CEB8-8B4A-11D0-8D11-00A0C91BC942}") = "StringCtrlSample", "Practice1\StringCtrlSample\StringCtrlSample.vcxproj", "{E29A7731-7308-400B-ACDB-12A67F6E0755}"
EndProject
Project("{8BC9CEB8-8B4A-11D0-8D11-00A0C91BC942}") = "ConstMethod1", "ConstMethod1\ConstMethod1.vcxproj", "{3497EED4-15E7-41D2-8ED9-D17C9D2D62D4}"
EndProject
Project("{2150E333-8FDC-42A3-9474-1A3956D46DE8}") = "Practice2", "Practice2", "{4BDEFFBD-B12A-45A3-9A87-89DFB12F5ED5}"
EndProject
Project("{8BC9CEB8-8B4A-11D0-8D11-00A0C91BC942}") = "StringCtrlSample2", "Practice2\StringCtrlSample2\StringCtrlSample2.vcxproj", "{CA410876-E3B5-417E-BC8E-235DEC0E8CD0}"
EndProject
Project("{8BC9CEB8-8B4A-11D0-8D11-00A0C91BC942}") = "ConstMethod2", "ConstMethod2\ConstMethod2.vcxproj", "{D0EBA389-F50A-4A01-A14A-C19935D10C4D}"
EndProject
Project("{8BC9CEB8-8B4A-11D0-8D11-00A0C91BC942}") = "ConstCastSample", "ConstCastSample\ConstCastSample.vcxproj", "{D702F1E5-C735-414F-9343-DF3F7AF0C4C8}"
EndProject
Project("{8BC9CEB8-8B4A-11D0-8D11-00A0C91BC942}") = "MemberNotOver", "MemberNotOver\MemberNotOver.vcxproj", "{E9F28672-5B37-42CD-BB17-14A477EE9EC3}"
EndProject
Project("{8BC9CEB8-8B4A-11D0-8D11-00A0C91BC942}") = "MemberOver1", "MemberOver1\MemberOver1.vcxproj", "{7BE10164-4851-450A-94B1-B0DFDD73ABF6}"
EndProject
Project("{8BC9CEB8-8B4A-11D0-8D11-00A0C91BC942}") = "MemberOver2", "MemberOver2\MemberOver2.vcxproj", "{690422CD-70F2-4611-AF20-6B79CC189655}"
EndProject
Project("{8BC9CEB8-8B4A-11D0-8D11-00A0C91BC942}") = "StaticMember", "StaticMember\StaticMember.vcxproj", "{319642E1-E081-4D24-A92F-6919D8F351C2}"
EndProject
Global
	GlobalSection(SolutionConfigurationPlatforms) = preSolution
		Debug|x64 = Debug|x64
		Debug|x86 = Debug|x86
		Release|x64 = Release|x64
		Release|x86 = Release|x86
	EndGlobalSection
	GlobalSection(ProjectConfigurationPlatforms) = postSolution
		{2D5101C9-48DB-430A-98D8-C268AE66A7D3}.Debug|x64.ActiveCfg = Debug|x64
		{2D5101C9-48DB-430A-98D8-C268AE66A7D3}.Debug|x64.Build.0 = Debug|x64
		{2D5101C9-48DB-430A-98D8-C268AE66A7D3}.Debug|x86.ActiveCfg = Debug|Win32
		{2D5101C9-48DB-430A-98D8-C268AE66A7D3}.Debug|x86.Build.0 = Debug|Win32
		{2D5101C9-48DB-430A-98D8-C268AE66A7D3}.Release|x64.ActiveCfg = Release|x64
		{2D5101C9-48DB-430A-98D8-C268AE66A7D3}.Release|x64.Build.0 = Release|x64
		{2D5101C9-48DB-430A-98D8-C268AE66A7D3}.Release|x86.ActiveCfg = Release|Win32
		{2D5101C9-48DB-430A-98D8-C268AE66A7D3}.Release|x86.Build.0 = Release|Win32
		{A25F94F4-194D-4EC2-B7C4-32B9D88F8095}.Debug|x64.ActiveCfg = Debug|x64
		{A25F94F4-194D-4EC2-B7C4-32B9D88F8095}.Debug|x64.Build.0 = Debug|x64
		{A25F94F4-194D-4EC2-B7C4-32B9D88F8095}.Debug|x86.ActiveCfg = Debug|Win32
		{A25F94F4-194D-4EC2-B7C4-32B9D88F8095}.Debug|x86.Build.0 = Debug|Win32
		{A25F94F4-194D-4EC2-B7C4-32B9D88F8095}.Release|x64.ActiveCfg = Release|x64
		{A25F94F4-194D-4EC2-B7C4-32B9D88F8095}.Release|x64.Build.0 = Release|x64
		{A25F94F4-194D-4EC2-B7C4-32B9D88F8095}.Release|x86.ActiveCfg = Release|Win32
		{A25F94F4-194D-4EC2-B7C4-32B9D88F8095}.Release|x86.Build.0 = Release|Win32
		{39A68091-E02E-49E3-88EB-273308CC535C}.Debug|x64.ActiveCfg = Debug|x64
		{39A68091-E02E-49E3-88EB-273308CC535C}.Debug|x64.Build.0 = Debug|x64
		{39A68091-E02E-49E3-88EB-273308CC535C}.Debug|x86.ActiveCfg = Debug|Win32
		{39A68091-E02E-49E3-88EB-273308CC535C}.Debug|x86.Build.0 = Debug|Win32
		{39A68091-E02E-49E3-88EB-273308CC535C}.Release|x64.ActiveCfg = Release|x64
		{39A68091-E02E-49E3-88EB-273308CC535C}.Release|x64.Build.0 = Release|x64
		{39A68091-E02E-49E3-88EB-273308CC535C}.Release|x86.ActiveCfg = Release|Win32
		{39A68091-E02E-49E3-88EB-273308CC535C}.Release|x86.Build.0 = Release|Win32
		{701A20B0-F879-4A42-915D-B896922BC62F}.Debug|x64.ActiveCfg = Debug|x64
		{701A20B0-F879-4A42-915D-B896922BC62F}.Debug|x64.Build.0 = Debug|x64
		{701A20B0-F879-4A42-915D-B896922BC62F}.Debug|x86.ActiveCfg = Debug|Win32
		{701A20B0-F879-4A42-915D-B896922BC62F}.Debug|x86.Build.0 = Debug|Win32
		{701A20B0-F879-4A42-915D-B896922BC62F}.Release|x64.ActiveCfg = Release|x64
		{701A20B0-F879-4A42-915D-B896922BC62F}.Release|x64.Build.0 = Release|x64
		{701A20B0-F879-4A42-915D-B896922BC62F}.Release|x86.ActiveCfg = Release|Win32
		{701A20B0-F879-4A42-915D-B896922BC62F}.Release|x86.Build.0 = Release|Win32
		{BB447001-BD49-4686-B3D1-A1FAEED685F3}.Debug|x64.ActiveCfg = Debug|x64
		{BB447001-BD49-4686-B3D1-A1FAEED685F3}.Debug|x64.Build.0 = Debug|x64
		{BB447001-BD49-4686-B3D1-A1FAEED685F3}.Debug|x86.ActiveCfg = Debug|Win32
		{BB447001-BD49-4686-B3D1-A1FAEED685F3}.Debug|x86.Build.0 = Debug|Win32
		{BB447001-BD49-4686-B3D1-A1FAEED685F3}.Release|x64.ActiveCfg = Release|x64
		{BB447001-BD49-4686-B3D1-A1FAEED685F3}.Release|x64.Build.0 = Release|x64
		{BB447001-BD49-4686-B3D1-A1FAEED685F3}.Release|x86.ActiveCfg = Release|Win32
		{BB447001-BD49-4686-B3D1-A1FAEED685F3}.Release|x86.Build.0 = Release|Win32
		{372BE6BF-3968-4318-85DB-C08D827FBDA2}.Debug|x64.ActiveCfg = Debug|x64
		{372BE6BF-3968-4318-85DB-C08D827FBDA2}.Debug|x64.Build.0 = Debug|x64
		{372BE6BF-3968-4318-85DB-C08D827FBDA2}.Debug|x86.ActiveCfg = Debug|Win32
		{372BE6BF-3968-4318-85DB-C08D827FBDA2}.Debug|x86.Build.0 = Debug|Win32
		{372BE6BF-3968-4318-85DB-C08D827FBDA2}.Release|x64.ActiveCfg = Release|x64
		{372BE6BF-3968-4318-85DB-C08D827FBDA2}.Release|x64.Build.0 = Release|x64
		{372BE6BF-3968-4318-85DB-C08D827FBDA2}.Release|x86.ActiveCfg = Release|Win32
		{372BE6BF-3968-4318-85DB-C08D827FBDA2}.Release|x86.Build.0 = Release|Win32
		{624F7BDC-DC3E-4450-AD6B-48089BC04029}.Debug|x64.ActiveCfg = Debug|x64
		{624F7BDC-DC3E-4450-AD6B-48089BC04029}.Debug|x64.Build.0 = Debug|x64
		{624F7BDC-DC3E-4450-AD6B-48089BC04029}.Debug|x86.ActiveCfg = Debug|Win32
		{624F7BDC-DC3E-4450-AD6B-48089BC04029}.Debug|x86.Build.0 = Debug|Win32
		{624F7BDC-DC3E-4450-AD6B-48089BC04029}.Release|x64.ActiveCfg = Release|x64
		{624F7BDC-DC3E-4450-AD6B-48089BC04029}.Release|x64.Build.0 = Release|x64
		{624F7BDC-DC3E-4450-AD6B-48089BC04029}.Release|x86.ActiveCfg = Release|Win32
		{624F7BDC-DC3E-4450-AD6B-48089BC04029}.Release|x86.Build.0 = Release|Win32
		{912CFAA8-409F-4968-9390-E9C765783A0F}.Debug|x64.ActiveCfg = Debug|x64
		{912CFAA8-409F-4968-9390-E9C765783A0F}.Debug|x64.Build.0 = Debug|x64
		{912CFAA8-409F-4968-9390-E9C765783A0F}.Debug|x86.ActiveCfg = Debug|Win32
		{912CFAA8-409F-4968-9390-E9C765783A0F}.Debug|x86.Build.0 = Debug|Win32
		{912CFAA8-409F-4968-9390-E9C765783A0F}.Release|x64.ActiveCfg = Release|x64
		{912CFAA8-409F-4968-9390-E9C765783A0F}.Release|x64.Build.0 = Release|x64
		{912CFAA8-409F-4968-9390-E9C765783A0F}.Release|x86.ActiveCfg = Release|Win32
		{912CFAA8-409F-4968-9390-E9C765783A0F}.Release|x86.Build.0 = Release|Win32
		{102FB4C6-6243-4BFE-AA50-16F82DE67F6A}.Debug|x64.ActiveCfg = Debug|x64
		{102FB4C6-6243-4BFE-AA50-16F82DE67F6A}.Debug|x64.Build.0 = Debug|x64
		{102FB4C6-6243-4BFE-AA50-16F82DE67F6A}.Debug|x86.ActiveCfg = Debug|Win32
		{102FB4C6-6243-4BFE-AA50-16F82DE67F6A}.Debug|x86.Build.0 = Debug|Win32
		{102FB4C6-6243-4BFE-AA50-16F82DE67F6A}.Release|x64.ActiveCfg = Release|x64
		{102FB4C6-6243-4BFE-AA50-16F82DE67F6A}.Release|x64.Build.0 = Release|x64
		{102FB4C6-6243-4BFE-AA50-16F82DE67F6A}.Release|x86.ActiveCfg = Release|Win32
		{102FB4C6-6243-4BFE-AA50-16F82DE67F6A}.Release|x86.Build.0 = Release|Win32
		{1EA91950-4574-4180-809D-C7931DEF7A0C}.Debug|x64.ActiveCfg = Debug|x64
		{1EA91950-4574-4180-809D-C7931DEF7A0C}.Debug|x64.Build.0 = Debug|x64
		{1EA91950-4574-4180-809D-C7931DEF7A0C}.Debug|x86.ActiveCfg = Debug|Win32
		{1EA91950-4574-4180-809D-C7931DEF7A0C}.Debug|x86.Build.0 = Debug|Win32
		{1EA91950-4574-4180-809D-C7931DEF7A0C}.Release|x64.ActiveCfg = Release|x64
		{1EA91950-4574-4180-809D-C7931DEF7A0C}.Release|x64.Build.0 = Release|x64
		{1EA91950-4574-4180-809D-C7931DEF7A0C}.Release|x86.ActiveCfg = Release|Win32
		{1EA91950-4574-4180-809D-C7931DEF7A0C}.Release|x86.Build.0 = Release|Win32
		{736C66DD-66D9-465D-B3F2-16F278488BD9}.Debug|x64.ActiveCfg = Debug|x64
		{736C66DD-66D9-465D-B3F2-16F278488BD9}.Debug|x64.Build.0 = Debug|x64
		{736C66DD-66D9-465D-B3F2-16F278488BD9}.Debug|x86.ActiveCfg = Debug|Win32
		{736C66DD-66D9-465D-B3F2-16F278488BD9}.Debug|x86.Build.0 = Debug|Win32
		{736C66DD-66D9-465D-B3F2-16F278488BD9}.Release|x64.ActiveCfg = Release|x64
		{736C66DD-66D9-465D-B3F2-16F278488BD9}.Release|x64.Build.0 = Release|x64
		{736C66DD-66D9-465D-B3F2-16F278488BD9}.Release|x86.ActiveCfg = Release|Win32
		{736C66DD-66D9-465D-B3F2-16F278488BD9}.Release|x86.Build.0 = Release|Win32
		{40BB3AD6-8BB8-4F62-9787-C0D6F5F6F072}.Debug|x64.ActiveCfg = Debug|x64
		{40BB3AD6-8BB8-4F62-9787-C0D6F5F6F072}.Debug|x64.Build.0 = Debug|x64
		{40BB3AD6-8BB8-4F62-9787-C0D6F5F6F072}.Debug|x86.ActiveCfg = Debug|Win32
		{40BB3AD6-8BB8-4F62-9787-C0D6F5F6F072}.Debug|x86.Build.0 = Debug|Win32
		{40BB3AD6-8BB8-4F62-9787-C0D6F5F6F072}.Release|x64.ActiveCfg = Release|x64
		{40BB3AD6-8BB8-4F62-9787-C0D6F5F6F072}.Release|x64.Build.0 = Release|x64
		{40BB3AD6-8BB8-4F62-9787-C0D6F5F6F072}.Release|x86.ActiveCfg = Release|Win32
		{40BB3AD6-8BB8-4F62-9787-C0D6F5F6F072}.Release|x86.Build.0 = Release|Win32
		{5CD4E60B-FCD4-478C-9C30-D4D53B0966C0}.Debug|x64.ActiveCfg = Debug|x64
		{5CD4E60B-FCD4-478C-9C30-D4D53B0966C0}.Debug|x64.Build.0 = Debug|x64
		{5CD4E60B-FCD4-478C-9C30-D4D53B0966C0}.Debug|x86.ActiveCfg = Debug|Win32
		{5CD4E60B-FCD4-478C-9C30-D4D53B0966C0}.Debug|x86.Build.0 = Debug|Win32
		{5CD4E60B-FCD4-478C-9C30-D4D53B0966C0}.Release|x64.ActiveCfg = Release|x64
		{5CD4E60B-FCD4-478C-9C30-D4D53B0966C0}.Release|x64.Build.0 = Release|x64
		{5CD4E60B-FCD4-478C-9C30-D4D53B0966C0}.Release|x86.ActiveCfg = Release|Win32
		{5CD4E60B-FCD4-478C-9C30-D4D53B0966C0}.Release|x86.Build.0 = Release|Win32
		{9D84F562-C048-4CEC-8AE9-3072CFCB8493}.Debug|x64.ActiveCfg = Debug|x64
		{9D84F562-C048-4CEC-8AE9-3072CFCB8493}.Debug|x64.Build.0 = Debug|x64
		{9D84F562-C048-4CEC-8AE9-3072CFCB8493}.Debug|x86.ActiveCfg = Debug|Win32
		{9D84F562-C048-4CEC-8AE9-3072CFCB8493}.Debug|x86.Build.0 = Debug|Win32
		{9D84F562-C048-4CEC-8AE9-3072CFCB8493}.Release|x64.ActiveCfg = Release|x64
		{9D84F562-C048-4CEC-8AE9-3072CFCB8493}.Release|x64.Build.0 = Release|x64
		{9D84F562-C048-4CEC-8AE9-3072CFCB8493}.Release|x86.ActiveCfg = Release|Win32
		{9D84F562-C048-4CEC-8AE9-3072CFCB8493}.Release|x86.Build.0 = Release|Win32
		{699130B5-D485-452C-9AFA-E92C3CD884A8}.Debug|x64.ActiveCfg = Debug|x64
		{699130B5-D485-452C-9AFA-E92C3CD884A8}.Debug|x64.Build.0 = Debug|x64
		{699130B5-D485-452C-9AFA-E92C3CD884A8}.Debug|x86.ActiveCfg = Debug|Win32
		{699130B5-D485-452C-9AFA-E92C3CD884A8}.Debug|x86.Build.0 = Debug|Win32
		{699130B5-D485-452C-9AFA-E92C3CD884A8}.Release|x64.ActiveCfg = Release|x64
		{699130B5-D485-452C-9AFA-E92C3CD884A8}.Release|x64.Build.0 = Release|x64
		{699130B5-D485-452C-9AFA-E92C3CD884A8}.Release|x86.ActiveCfg = Release|Win32
		{699130B5-D485-452C-9AFA-E92C3CD884A8}.Release|x86.Build.0 = Release|Win32
		{A2B83418-3CD4-4A78-8B57-EB2A13B3251A}.Debug|x64.ActiveCfg = Debug|x64
		{A2B83418-3CD4-4A78-8B57-EB2A13B3251A}.Debug|x64.Build.0 = Debug|x64
		{A2B83418-3CD4-4A78-8B57-EB2A13B3251A}.Debug|x86.ActiveCfg = Debug|Win32
		{A2B83418-3CD4-4A78-8B57-EB2A13B3251A}.Debug|x86.Build.0 = Debug|Win32
		{A2B83418-3CD4-4A78-8B57-EB2A13B3251A}.Release|x64.ActiveCfg = Release|x64
		{A2B83418-3CD4-4A78-8B57-EB2A13B3251A}.Release|x64.Build.0 = Release|x64
		{A2B83418-3CD4-4A78-8B57-EB2A13B3251A}.Release|x86.ActiveCfg = Release|Win32
		{A2B83418-3CD4-4A78-8B57-EB2A13B3251A}.Release|x86.Build.0 = Release|Win32
		{266E1AC3-E828-4601-97E0-10F9EA30AC25}.Debug|x64.ActiveCfg = Debug|x64
		{266E1AC3-E828-4601-97E0-10F9EA30AC25}.Debug|x64.Build.0 = Debug|x64
		{266E1AC3-E828-4601-97E0-10F9EA30AC25}.Debug|x86.ActiveCfg = Debug|Win32
		{266E1AC3-E828-4601-97E0-10F9EA30AC25}.Debug|x86.Build.0 = Debug|Win32
		{266E1AC3-E828-4601-97E0-10F9EA30AC25}.Release|x64.ActiveCfg = Release|x64
		{266E1AC3-E828-4601-97E0-10F9EA30AC25}.Release|x64.Build.0 = Release|x64
		{266E1AC3-E828-4601-97E0-10F9EA30AC25}.Release|x86.ActiveCfg = Release|Win32
		{266E1AC3-E828-4601-97E0-10F9EA30AC25}.Release|x86.Build.0 = Release|Win32
		{328FF53C-91EE-491B-BB7B-A0B99906D083}.Debug|x64.ActiveCfg = Debug|x64
		{328FF53C-91EE-491B-BB7B-A0B99906D083}.Debug|x64.Build.0 = Debug|x64
		{328FF53C-91EE-491B-BB7B-A0B99906D083}.Debug|x86.ActiveCfg = Debug|Win32
		{328FF53C-91EE-491B-BB7B-A0B99906D083}.Debug|x86.Build.0 = Debug|Win32
		{328FF53C-91EE-491B-BB7B-A0B99906D083}.Release|x64.ActiveCfg = Release|x64
		{328FF53C-91EE-491B-BB7B-A0B99906D083}.Release|x64.Build.0 = Release|x64
		{328FF53C-91EE-491B-BB7B-A0B99906D083}.Release|x86.ActiveCfg = Release|Win32
		{328FF53C-91EE-491B-BB7B-A0B99906D083}.Release|x86.Build.0 = Release|Win32
		{C622AD26-9A86-4DCB-8F37-F7C17BC5CA29}.Debug|x64.ActiveCfg = Debug|x64
		{C622AD26-9A86-4DCB-8F37-F7C17BC5CA29}.Debug|x64.Build.0 = Debug|x64
		{C622AD26-9A86-4DCB-8F37-F7C17BC5CA29}.Debug|x86.ActiveCfg = Debug|Win32
		{C622AD26-9A86-4DCB-8F37-F7C17BC5CA29}.Debug|x86.Build.0 = Debug|Win32
		{C622AD26-9A86-4DCB-8F37-F7C17BC5CA29}.Release|x64.ActiveCfg = Release|x64
		{C622AD26-9A86-4DCB-8F37-F7C17BC5CA29}.Release|x64.Build.0 = Release|x64
		{C622AD26-9A86-4DCB-8F37-F7C17BC5CA29}.Release|x86.ActiveCfg = Release|Win32
		{C622AD26-9A86-4DCB-8F37-F7C17BC5CA29}.Release|x86.Build.0 = Release|Win32
		{13790B70-C4D4-407E-A0B3-7DE4909CBF08}.Debug|x64.ActiveCfg = Debug|x64
		{13790B70-C4D4-407E-A0B3-7DE4909CBF08}.Debug|x64.Build.0 = Debug|x64
		{13790B70-C4D4-407E-A0B3-7DE4909CBF08}.Debug|x86.ActiveCfg = Debug|Win32
		{13790B70-C4D4-407E-A0B3-7DE4909CBF08}.Debug|x86.Build.0 = Debug|Win32
		{13790B70-C4D4-407E-A0B3-7DE4909CBF08}.Release|x64.ActiveCfg = Release|x64
		{13790B70-C4D4-407E-A0B3-7DE4909CBF08}.Release|x64.Build.0 = Release|x64
		{13790B70-C4D4-407E-A0B3-7DE4909CBF08}.Release|x86.ActiveCfg = Release|Win32
		{13790B70-C4D4-407E-A0B3-7DE4909CBF08}.Release|x86.Build.0 = Release|Win32
		{926D3FF3-B100-426B-AF4B-6FFF2177DEFB}.Debug|x64.ActiveCfg = Debug|x64
		{926D3FF3-B100-426B-AF4B-6FFF2177DEFB}.Debug|x64.Build.0 = Debug|x64
		{926D3FF3-B100-426B-AF4B-6FFF2177DEFB}.Debug|x86.ActiveCfg = Debug|Win32
		{926D3FF3-B100-426B-AF4B-6FFF2177DEFB}.Debug|x86.Build.0 = Debug|Win32
		{926D3FF3-B100-426B-AF4B-6FFF2177DEFB}.Release|x64.ActiveCfg = Release|x64
		{926D3FF3-B100-426B-AF4B-6FFF2177DEFB}.Release|x64.Build.0 = Release|x64
		{926D3FF3-B100-426B-AF4B-6FFF2177DEFB}.Release|x86.ActiveCfg = Release|Win32
		{926D3FF3-B100-426B-AF4B-6FFF2177DEFB}.Release|x86.Build.0 = Release|Win32
		{E29A7731-7308-400B-ACDB-12A67F6E0755}.Debug|x64.ActiveCfg = Debug|x64
		{E29A7731-7308-400B-ACDB-12A67F6E0755}.Debug|x64.Build.0 = Debug|x64
		{E29A7731-7308-400B-ACDB-12A67F6E0755}.Debug|x86.ActiveCfg = Debug|Win32
		{E29A7731-7308-400B-ACDB-12A67F6E0755}.Debug|x86.Build.0 = Debug|Win32
		{E29A7731-7308-400B-ACDB-12A67F6E0755}.Release|x64.ActiveCfg = Release|x64
		{E29A7731-7308-400B-ACDB-12A67F6E0755}.Release|x64.Build.0 = Release|x64
		{E29A7731-7308-400B-ACDB-12A67F6E0755}.Release|x86.ActiveCfg = Release|Win32
		{E29A7731-7308-400B-ACDB-12A67F6E0755}.Release|x86.Build.0 = Release|Win32
		{3497EED4-15E7-41D2-8ED9-D17C9D2D62D4}.Debug|x64.ActiveCfg = Debug|x64
		{3497EED4-15E7-41D2-8ED9-D17C9D2D62D4}.Debug|x64.Build.0 = Debug|x64
		{3497EED4-15E7-41D2-8ED9-D17C9D2D62D4}.Debug|x86.ActiveCfg = Debug|Win32
		{3497EED4-15E7-41D2-8ED9-D17C9D2D62D4}.Debug|x86.Build.0 = Debug|Win32
		{3497EED4-15E7-41D2-8ED9-D17C9D2D62D4}.Release|x64.ActiveCfg = Release|x64
		{3497EED4-15E7-41D2-8ED9-D17C9D2D62D4}.Release|x64.Build.0 = Release|x64
		{3497EED4-15E7-41D2-8ED9-D17C9D2D62D4}.Release|x86.ActiveCfg = Release|Win32
		{3497EED4-15E7-41D2-8ED9-D17C9D2D62D4}.Release|x86.Build.0 = Release|Win32
		{CA410876-E3B5-417E-BC8E-235DEC0E8CD0}.Debug|x64.ActiveCfg = Debug|x64
		{CA410876-E3B5-417E-BC8E-235DEC0E8CD0}.Debug|x64.Build.0 = Debug|x64
		{CA410876-E3B5-417E-BC8E-235DEC0E8CD0}.Debug|x86.ActiveCfg = Debug|Win32
		{CA410876-E3B5-417E-BC8E-235DEC0E8CD0}.Debug|x86.Build.0 = Debug|Win32
		{CA410876-E3B5-417E-BC8E-235DEC0E8CD0}.Release|x64.ActiveCfg = Release|x64
		{CA410876-E3B5-417E-BC8E-235DEC0E8CD0}.Release|x64.Build.0 = Release|x64
		{CA410876-E3B5-417E-BC8E-235DEC0E8CD0}.Release|x86.ActiveCfg = Release|Win32
		{CA410876-E3B5-417E-BC8E-235DEC0E8CD0}.Release|x86.Build.0 = Release|Win32
		{D0EBA389-F50A-4A01-A14A-C19935D10C4D}.Debug|x64.ActiveCfg = Debug|x64
		{D0EBA389-F50A-4A01-A14A-C19935D10C4D}.Debug|x64.Build.0 = Debug|x64
		{D0EBA389-F50A-4A01-A14A-C19935D10C4D}.Debug|x86.ActiveCfg = Debug|Win32
		{D0EBA389-F50A-4A01-A14A-C19935D10C4D}.Debug|x86.Build.0 = Debug|Win32
		{D0EBA389-F50A-4A01-A14A-C19935D10C4D}.Release|x64.ActiveCfg = Release|x64
		{D0EBA389-F50A-4A01-A14A-C19935D10C4D}.Release|x64.Build.0 = Release|x64
		{D0EBA389-F50A-4A01-A14A-C19935D10C4D}.Release|x86.ActiveCfg = Release|Win32
		{D0EBA389-F50A-4A01-A14A-C19935D10C4D}.Release|x86.Build.0 = Release|Win32
		{D702F1E5-C735-414F-9343-DF3F7AF0C4C8}.Debug|x64.ActiveCfg = Debug|x64
		{D702F1E5-C735-414F-9343-DF3F7AF0C4C8}.Debug|x64.Build.0 = Debug|x64
		{D702F1E5-C735-414F-9343-DF3F7AF0C4C8}.Debug|x86.ActiveCfg = Debug|Win32
		{D702F1E5-C735-414F-9343-DF3F7AF0C4C8}.Debug|x86.Build.0 = Debug|Win32
		{D702F1E5-C735-414F-9343-DF3F7AF0C4C8}.Release|x64.ActiveCfg = Release|x64
		{D702F1E5-C735-414F-9343-DF3F7AF0C4C8}.Release|x64.Build.0 = Release|x64
		{D702F1E5-C735-414F-9343-DF3F7AF0C4C8}.Release|x86.ActiveCfg = Release|Win32
		{D702F1E5-C735-414F-9343-DF3F7AF0C4C8}.Release|x86.Build.0 = Release|Win32
		{E9F28672-5B37-42CD-BB17-14A477EE9EC3}.Debug|x64.ActiveCfg = Debug|x64
		{E9F28672-5B37-42CD-BB17-14A477EE9EC3}.Debug|x64.Build.0 = Debug|x64
		{E9F28672-5B37-42CD-BB17-14A477EE9EC3}.Debug|x86.ActiveCfg = Debug|Win32
		{E9F28672-5B37-42CD-BB17-14A477EE9EC3}.Debug|x86.Build.0 = Debug|Win32
		{E9F28672-5B37-42CD-BB17-14A477EE9EC3}.Release|x64.ActiveCfg = Release|x64
		{E9F28672-5B37-42CD-BB17-14A477EE9EC3}.Release|x64.Build.0 = Release|x64
		{E9F28672-5B37-42CD-BB17-14A477EE9EC3}.Release|x86.ActiveCfg = Release|Win32
		{E9F28672-5B37-42CD-BB17-14A477EE9EC3}.Release|x86.Build.0 = Release|Win32
		{7BE10164-4851-450A-94B1-B0DFDD73ABF6}.Debug|x64.ActiveCfg = Debug|x64
		{7BE10164-4851-450A-94B1-B0DFDD73ABF6}.Debug|x64.Build.0 = Debug|x64
		{7BE10164-4851-450A-94B1-B0DFDD73ABF6}.Debug|x86.ActiveCfg = Debug|Win32
		{7BE10164-4851-450A-94B1-B0DFDD73ABF6}.Debug|x86.Build.0 = Debug|Win32
		{7BE10164-4851-450A-94B1-B0DFDD73ABF6}.Release|x64.ActiveCfg = Release|x64
		{7BE10164-4851-450A-94B1-B0DFDD73ABF6}.Release|x64.Build.0 = Release|x64
		{7BE10164-4851-450A-94B1-B0DFDD73ABF6}.Release|x86.ActiveCfg = Release|Win32
		{7BE10164-4851-450A-94B1-B0DFDD73ABF6}.Release|x86.Build.0 = Release|Win32
		{690422CD-70F2-4611-AF20-6B79CC189655}.Debug|x64.ActiveCfg = Debug|x64
		{690422CD-70F2-4611-AF20-6B79CC189655}.Debug|x64.Build.0 = Debug|x64
		{690422CD-70F2-4611-AF20-6B79CC189655}.Debug|x86.ActiveCfg = Debug|Win32
		{690422CD-70F2-4611-AF20-6B79CC189655}.Debug|x86.Build.0 = Debug|Win32
		{690422CD-70F2-4611-AF20-6B79CC189655}.Release|x64.ActiveCfg = Release|x64
		{690422CD-70F2-4611-AF20-6B79CC189655}.Release|x64.Build.0 = Release|x64
		{690422CD-70F2-4611-AF20-6B79CC189655}.Release|x86.ActiveCfg = Release|Win32
		{690422CD-70F2-4611-AF20-6B79CC189655}.Release|x86.Build.0 = Release|Win32
		{319642E1-E081-4D24-A92F-6919D8F351C2}.Debug|x64.ActiveCfg = Debug|x64
		{319642E1-E081-4D24-A92F-6919D8F351C2}.Debug|x64.Build.0 = Debug|x64
		{319642E1-E081-4D24-A92F-6919D8F351C2}.Debug|x86.ActiveCfg = Debug|Win32
		{319642E1-E081-4D24-A92F-6919D8F351C2}.Debug|x86.Build.0 = Debug|Win32
		{319642E1-E081-4D24-A92F-6919D8F351C2}.Release|x64.ActiveCfg = Release|x64
		{319642E1-E081-4D24-A92F-6919D8F351C2}.Release|x64.Build.0 = Release|x64
		{319642E1-E081-4D24-A92F-6919D8F351C2}.Release|x86.ActiveCfg = Release|Win32
		{319642E1-E081-4D24-A92F-6919D8F351C2}.Release|x86.Build.0 = Release|Win32
	EndGlobalSection
	GlobalSection(SolutionProperties) = preSolution
		HideSolutionNode = FALSE
	EndGlobalSection
	GlobalSection(NestedProjects) = preSolution
		{E29A7731-7308-400B-ACDB-12A67F6E0755} = {E377CA7C-76AD-4603-A95E-22651D553309}
		{CA410876-E3B5-417E-BC8E-235DEC0E8CD0} = {4BDEFFBD-B12A-45A3-9A87-89DFB12F5ED5}
	EndGlobalSection
	GlobalSection(ExtensibilityGlobals) = postSolution
		SolutionGuid = {E9260C9D-93C4-4519-BE35-A5369CD99CD8}
	EndGlobalSection
EndGlobal
