
Microsoft Visual Studio Solution File, Format Version 12.00
# Visual Studio Version 17
VisualStudioVersion = 17.6.33815.320
MinimumVisualStudioVersion = 10.0.40219.1
Project("{8BC9CEB8-8B4A-11D0-8D11-00A0C91BC942}") = "HelloOOP1", "HelloOOP1\HelloOOP1.vcxproj", "{2D5101C9-48DB-430A-98D8-C268AE66A7D3}"
EndProject
Project("{8BC9CEB8-8B4A-11D0-8D11-00A0C91BC942}") = "HelloOOP2", "HelloOOP2\HelloOOP2.vcxproj", "{A25F94F4-194D-4EC2-B7C4-32B9D88F8095}"
EndProject
Project("{8BC9CEB8-8B4A-11D0-8D11-00A0C91BC942}") = "HelloOOP3", "HelloOOP3\HelloOOP3.vcxproj", "{39A68091-E02E-49E3-88EB-273308CC535C}"
EndProject
Project("{8BC9CEB8-8B4A-11D0-8D11-00A0C91BC942}") = "HelloOOP", "HelloOOP\HelloOOP.vcxproj", "{701A20B0-F879-4A42-915D-B896922BC62F}"
EndProject
Global
	GlobalSection(SolutionConfigurationPlatforms) = preSolution
		Debug|x64 = Debug|x64
		Debug|x86 = Debug|x86
		Release|x64 = Release|x64
		Release|x86 = Release|x86
	EndGlobalSection
	GlobalSection(ProjectConfigurationPlatforms) = postSolution
		{2D5101C9-48DB-430A-98D8-C268AE66A7D3}.Debug|x64.ActiveCfg = Debug|x64
		{2D5101C9-48DB-430A-98D8-C268AE66A7D3}.Debug|x64.Build.0 = Debug|x64
		{2D5101C9-48DB-430A-98D8-C268AE66A7D3}.Debug|x86.ActiveCfg = Debug|Win32
		{2D5101C9-48DB-430A-98D8-C268AE66A7D3}.Debug|x86.Build.0 = Debug|Win32
		{2D5101C9-48DB-430A-98D8-C268AE66A7D3}.Release|x64.ActiveCfg = Release|x64
		{2D5101C9-48DB-430A-98D8-C268AE66A7D3}.Release|x64.Build.0 = Release|x64
		{2D5101C9-48DB-430A-98D8-C268AE66A7D3}.Release|x86.ActiveCfg = Release|Win32
		{2D5101C9-48DB-430A-98D8-C268AE66A7D3}.Release|x86.Build.0 = Release|Win32
		{A25F94F4-194D-4EC2-B7C4-32B9D88F8095}.Debug|x64.ActiveCfg = Debug|x64
		{A25F94F4-194D-4EC2-B7C4-32B9D88F8095}.Debug|x64.Build.0 = Debug|x64
		{A25F94F4-194D-4EC2-B7C4-32B9D88F8095}.Debug|x86.ActiveCfg = Debug|Win32
		{A25F94F4-194D-4EC2-B7C4-32B9D88F8095}.Debug|x86.Build.0 = Debug|Win32
		{A25F94F4-194D-4EC2-B7C4-32B9D88F8095}.Release|x64.ActiveCfg = Release|x64
		{A25F94F4-194D-4EC2-B7C4-32B9D88F8095}.Release|x64.Build.0 = Release|x64
		{A25F94F4-194D-4EC2-B7C4-32B9D88F8095}.Release|x86.ActiveCfg = Release|Win32
		{A25F94F4-194D-4EC2-B7C4-32B9D88F8095}.Release|x86.Build.0 = Release|Win32
		{39A68091-E02E-49E3-88EB-273308CC535C}.Debug|x64.ActiveCfg = Debug|x64
		{39A68091-E02E-49E3-88EB-273308CC535C}.Debug|x64.Build.0 = Debug|x64
		{39A68091-E02E-49E3-88EB-273308CC535C}.Debug|x86.ActiveCfg = Debug|Win32
		{39A68091-E02E-49E3-88EB-273308CC535C}.Debug|x86.Build.0 = Debug|Win32
		{39A68091-E02E-49E3-88EB-273308CC535C}.Release|x64.ActiveCfg = Release|x64
		{39A68091-E02E-49E3-88EB-273308CC535C}.Release|x64.Build.0 = Release|x64
		{39A68091-E02E-49E3-88EB-273308CC535C}.Release|x86.ActiveCfg = Release|Win32
		{39A68091-E02E-49E3-88EB-273308CC535C}.Release|x86.Build.0 = Release|Win32
		{701A20B0-F879-4A42-915D-B896922BC62F}.Debug|x64.ActiveCfg = Debug|x64
		{701A20B0-F879-4A42-915D-B896922BC62F}.Debug|x64.Build.0 = Debug|x64
		{701A20B0-F879-4A42-915D-B896922BC62F}.Debug|x86.ActiveCfg = Debug|Win32
		{701A20B0-F879-4A42-915D-B896922BC62F}.Debug|x86.Build.0 = Debug|Win32
		{701A20B0-F879-4A42-915D-B896922BC62F}.Release|x64.ActiveCfg = Release|x64
		{701A20B0-F879-4A42-915D-B896922BC62F}.Release|x64.Build.0 = Release|x64
		{701A20B0-F879-4A42-915D-B896922BC62F}.Release|x86.ActiveCfg = Release|Win32
		{701A20B0-F879-4A42-915D-B896922BC62F}.Release|x86.Build.0 = Release|Win32
	EndGlobalSection
	GlobalSection(SolutionProperties) = preSolution
		HideSolutionNode = FALSE
	EndGlobalSection
	GlobalSection(ExtensibilityGlobals) = postSolution
		SolutionGuid = {E9260C9D-93C4-4519-BE35-A5369CD99CD8}
	EndGlobalSection
EndGlobal
