
Microsoft Visual Studio Solution File, Format Version 12.00
# Visual Studio Version 17
VisualStudioVersion = 17.6.33815.320
MinimumVisualStudioVersion = 10.0.40219.1
Project("{8BC9CEB8-8B4A-11D0-8D11-00A0C91BC942}") = "DefaultParam", "DefaultParam\DefaultParam.vcxproj", "{7DB6BADD-2520-40AE-A7B2-62E876C80D1C}"
EndProject
Project("{8BC9CEB8-8B4A-11D0-8D11-00A0C91BC942}") = "DefaultParam2", "DefaultParam2\DefaultParam2.vcxproj", "{38CBF268-47E3-4018-8359-90778F5A75BE}"
EndProject
Project("{8BC9CEB8-8B4A-11D0-8D11-00A0C91BC942}") = "DefaultParameter2", "DefaultParameter2\DefaultParameter2.vcxproj", "{8812E59E-1357-4D39-9572-32F9A90F4A1F}"
EndProject
Project("{8BC9CEB8-8B4A-11D0-8D11-00A0C91BC942}") = "FuncPloy", "FunPloy\FunPloy.vcxproj", "{6A95DD91-73B2-4E6A-B9EC-79D0D63191AB}"
EndProject
Global
	GlobalSection(SolutionConfigurationPlatforms) = preSolution
		Debug|x64 = Debug|x64
		Debug|x86 = Debug|x86
		Release|x64 = Release|x64
		Release|x86 = Release|x86
	EndGlobalSection
	GlobalSection(ProjectConfigurationPlatforms) = postSolution
		{7DB6BADD-2520-40AE-A7B2-62E876C80D1C}.Debug|x64.ActiveCfg = Debug|x64
		{7DB6BADD-2520-40AE-A7B2-62E876C80D1C}.Debug|x64.Build.0 = Debug|x64
		{7DB6BADD-2520-40AE-A7B2-62E876C80D1C}.Debug|x86.ActiveCfg = Debug|Win32
		{7DB6BADD-2520-40AE-A7B2-62E876C80D1C}.Debug|x86.Build.0 = Debug|Win32
		{7DB6BADD-2520-40AE-A7B2-62E876C80D1C}.Release|x64.ActiveCfg = Release|x64
		{7DB6BADD-2520-40AE-A7B2-62E876C80D1C}.Release|x64.Build.0 = Release|x64
		{7DB6BADD-2520-40AE-A7B2-62E876C80D1C}.Release|x86.ActiveCfg = Release|Win32
		{7DB6BADD-2520-40AE-A7B2-62E876C80D1C}.Release|x86.Build.0 = Release|Win32
		{38CBF268-47E3-4018-8359-90778F5A75BE}.Debug|x64.ActiveCfg = Debug|x64
		{38CBF268-47E3-4018-8359-90778F5A75BE}.Debug|x64.Build.0 = Debug|x64
		{38CBF268-47E3-4018-8359-90778F5A75BE}.Debug|x86.ActiveCfg = Debug|Win32
		{38CBF268-47E3-4018-8359-90778F5A75BE}.Debug|x86.Build.0 = Debug|Win32
		{38CBF268-47E3-4018-8359-90778F5A75BE}.Release|x64.ActiveCfg = Release|x64
		{38CBF268-47E3-4018-8359-90778F5A75BE}.Release|x64.Build.0 = Release|x64
		{38CBF268-47E3-4018-8359-90778F5A75BE}.Release|x86.ActiveCfg = Release|Win32
		{38CBF268-47E3-4018-8359-90778F5A75BE}.Release|x86.Build.0 = Release|Win32
		{8812E59E-1357-4D39-9572-32F9A90F4A1F}.Debug|x64.ActiveCfg = Debug|x64
		{8812E59E-1357-4D39-9572-32F9A90F4A1F}.Debug|x64.Build.0 = Debug|x64
		{8812E59E-1357-4D39-9572-32F9A90F4A1F}.Debug|x86.ActiveCfg = Debug|Win32
		{8812E59E-1357-4D39-9572-32F9A90F4A1F}.Debug|x86.Build.0 = Debug|Win32
		{8812E59E-1357-4D39-9572-32F9A90F4A1F}.Release|x64.ActiveCfg = Release|x64
		{8812E59E-1357-4D39-9572-32F9A90F4A1F}.Release|x64.Build.0 = Release|x64
		{8812E59E-1357-4D39-9572-32F9A90F4A1F}.Release|x86.ActiveCfg = Release|Win32
		{8812E59E-1357-4D39-9572-32F9A90F4A1F}.Release|x86.Build.0 = Release|Win32
		{6A95DD91-73B2-4E6A-B9EC-79D0D63191AB}.Debug|x64.ActiveCfg = Debug|x64
		{6A95DD91-73B2-4E6A-B9EC-79D0D63191AB}.Debug|x64.Build.0 = Debug|x64
		{6A95DD91-73B2-4E6A-B9EC-79D0D63191AB}.Debug|x86.ActiveCfg = Debug|Win32
		{6A95DD91-73B2-4E6A-B9EC-79D0D63191AB}.Debug|x86.Build.0 = Debug|Win32
		{6A95DD91-73B2-4E6A-B9EC-79D0D63191AB}.Release|x64.ActiveCfg = Release|x64
		{6A95DD91-73B2-4E6A-B9EC-79D0D63191AB}.Release|x64.Build.0 = Release|x64
		{6A95DD91-73B2-4E6A-B9EC-79D0D63191AB}.Release|x86.ActiveCfg = Release|Win32
		{6A95DD91-73B2-4E6A-B9EC-79D0D63191AB}.Release|x86.Build.0 = Release|Win32
	EndGlobalSection
	GlobalSection(SolutionProperties) = preSolution
		HideSolutionNode = FALSE
	EndGlobalSection
	GlobalSection(ExtensibilityGlobals) = postSolution
		SolutionGuid = {D0CBBF20-154F-4774-8B0F-C9F27FD4525C}
	EndGlobalSection
EndGlobal
