
Microsoft Visual Studio Solution File, Format Version 12.00
# Visual Studio Version 17
VisualStudioVersion = 17.6.33815.320
MinimumVisualStudioVersion = 10.0.40219.1
Project("{8BC9CEB8-8B4A-11D0-8D11-00A0C91BC942}") = "DefaultParam", "DefaultParam\DefaultParam.vcxproj", "{7DB6BADD-2520-40AE-A7B2-62E876C80D1C}"
EndProject
Project("{8BC9CEB8-8B4A-11D0-8D11-00A0C91BC942}") = "DefaultParam2", "DefaultParam2\DefaultParam2.vcxproj", "{38CBF268-47E3-4018-8359-90778F5A75BE}"
EndProject
Project("{8BC9CEB8-8B4A-11D0-8D11-00A0C91BC942}") = "DefaultParameter2", "DefaultParameter2\DefaultParameter2.vcxproj", "{8812E59E-1357-4D39-9572-32F9A90F4A1F}"
EndProject
Project("{8BC9CEB8-8B4A-11D0-8D11-00A0C91BC942}") = "FuncPloy", "FunPloy\FunPloy.vcxproj", "{6A95DD91-73B2-4E6A-B9EC-79D0D63191AB}"
EndProject
Project("{8BC9CEB8-8B4A-11D0-8D11-00A0C91BC942}") = "FuncAmbiguity", "FuncAmbiguity\FuncAmbiguity.vcxproj", "{D18AC06D-FE82-4034-A25E-CF3EFC78993B}"
EndProject
Project("{8BC9CEB8-8B4A-11D0-8D11-00A0C91BC942}") = "FuncTemplate1", "FuncTemplate1\FuncTemplate1.vcxproj", "{048AA64E-4EAC-4ADB-842F-8E581F34A221}"
EndProject
Project("{8BC9CEB8-8B4A-11D0-8D11-00A0C91BC942}") = "FuncTemplate2", "FuncTemplate2\FuncTemplate2.vcxproj", "{6E5D2092-8B96-44B3-B75E-091716FFADB4}"
EndProject
Project("{8BC9CEB8-8B4A-11D0-8D11-00A0C91BC942}") = "InlineSample", "InlineSample\InlineSample.vcxproj", "{AB4DAF02-968E-4196-BFFA-12750C9B388D}"
EndProject
Project("{8BC9CEB8-8B4A-11D0-8D11-00A0C91BC942}") = "NamespaceSample", "NamespaceSample\NamespaceSample.vcxproj", "{78808328-CA28-4C98-80DE-9F339DE55076}"
EndProject
Project("{8BC9CEB8-8B4A-11D0-8D11-00A0C91BC942}") = "NamespaceUsing", "NamespaceUsing\NamespaceUsing.vcxproj", "{786AD608-9251-4085-AF14-A4DF225CD4E0}"
EndProject
Project("{8BC9CEB8-8B4A-11D0-8D11-00A0C91BC942}") = "NamespaceNested", "NamespaceNested\NamespaceNested.vcxproj", "{50CE1381-25B7-49A9-99C8-43E34B8465F2}"
EndProject
Project("{8BC9CEB8-8B4A-11D0-8D11-00A0C91BC942}") = "NamespaceOver", "NamespaceOver\NamespaceOver.vcxproj", "{14ABA9D0-7612-4982-B0FB-41E39292F578}"
EndProject
Project("{8BC9CEB8-8B4A-11D0-8D11-00A0C91BC942}") = "IdSearchSeq1", "IdSearchSeq1\IdSearchSeq1.vcxproj", "{C8B53FB9-BC3F-4C2A-8597-34FFCE73D8D2}"
EndProject
Project("{8BC9CEB8-8B4A-11D0-8D11-00A0C91BC942}") = "IdSearchSeq2", "IdSearchSeq2\IdSearchSeq2.vcxproj", "{0AD34C75-0830-4330-93AC-5A63123061EF}"
EndProject
Project("{8BC9CEB8-8B4A-11D0-8D11-00A0C91BC942}") = "IdSearchSeq3", "IdSearchSeq3\IdSearchSeq3.vcxproj", "{DF344F07-9927-4546-A5A1-33C8024E96AC}"
EndProject
Project("{8BC9CEB8-8B4A-11D0-8D11-00A0C91BC942}") = "IdSearchSeq3_1", "IdSearchSeq3_1\IdSearchSeq3_1.vcxproj", "{95CEBE20-2444-4520-8129-B911C63BA9ED}"
EndProject
Project("{8BC9CEB8-8B4A-11D0-8D11-00A0C91BC942}") = "IdSearchSeq4", "IdSearchSeq4\IdSearchSeq4.vcxproj", "{D8DF5D53-AF42-4AB1-BDF5-5B3F21C0C0CD}"
EndProject
Project("{8BC9CEB8-8B4A-11D0-8D11-00A0C91BC942}") = "IdSearchSeq5", "IdSearchSeq5\IdSearchSeq5.vcxproj", "{A21388C2-02E8-4C52-B777-06AD29E87585}"
EndProject
Global
	GlobalSection(SolutionConfigurationPlatforms) = preSolution
		Debug|x64 = Debug|x64
		Debug|x86 = Debug|x86
		Release|x64 = Release|x64
		Release|x86 = Release|x86
	EndGlobalSection
	GlobalSection(ProjectConfigurationPlatforms) = postSolution
		{7DB6BADD-2520-40AE-A7B2-62E876C80D1C}.Debug|x64.ActiveCfg = Debug|x64
		{7DB6BADD-2520-40AE-A7B2-62E876C80D1C}.Debug|x64.Build.0 = Debug|x64
		{7DB6BADD-2520-40AE-A7B2-62E876C80D1C}.Debug|x86.ActiveCfg = Debug|Win32
		{7DB6BADD-2520-40AE-A7B2-62E876C80D1C}.Debug|x86.Build.0 = Debug|Win32
		{7DB6BADD-2520-40AE-A7B2-62E876C80D1C}.Release|x64.ActiveCfg = Release|x64
		{7DB6BADD-2520-40AE-A7B2-62E876C80D1C}.Release|x64.Build.0 = Release|x64
		{7DB6BADD-2520-40AE-A7B2-62E876C80D1C}.Release|x86.ActiveCfg = Release|Win32
		{7DB6BADD-2520-40AE-A7B2-62E876C80D1C}.Release|x86.Build.0 = Release|Win32
		{38CBF268-47E3-4018-8359-90778F5A75BE}.Debug|x64.ActiveCfg = Debug|x64
		{38CBF268-47E3-4018-8359-90778F5A75BE}.Debug|x64.Build.0 = Debug|x64
		{38CBF268-47E3-4018-8359-90778F5A75BE}.Debug|x86.ActiveCfg = Debug|Win32
		{38CBF268-47E3-4018-8359-90778F5A75BE}.Debug|x86.Build.0 = Debug|Win32
		{38CBF268-47E3-4018-8359-90778F5A75BE}.Release|x64.ActiveCfg = Release|x64
		{38CBF268-47E3-4018-8359-90778F5A75BE}.Release|x64.Build.0 = Release|x64
		{38CBF268-47E3-4018-8359-90778F5A75BE}.Release|x86.ActiveCfg = Release|Win32
		{38CBF268-47E3-4018-8359-90778F5A75BE}.Release|x86.Build.0 = Release|Win32
		{8812E59E-1357-4D39-9572-32F9A90F4A1F}.Debug|x64.ActiveCfg = Debug|x64
		{8812E59E-1357-4D39-9572-32F9A90F4A1F}.Debug|x64.Build.0 = Debug|x64
		{8812E59E-1357-4D39-9572-32F9A90F4A1F}.Debug|x86.ActiveCfg = Debug|Win32
		{8812E59E-1357-4D39-9572-32F9A90F4A1F}.Debug|x86.Build.0 = Debug|Win32
		{8812E59E-1357-4D39-9572-32F9A90F4A1F}.Release|x64.ActiveCfg = Release|x64
		{8812E59E-1357-4D39-9572-32F9A90F4A1F}.Release|x64.Build.0 = Release|x64
		{8812E59E-1357-4D39-9572-32F9A90F4A1F}.Release|x86.ActiveCfg = Release|Win32
		{8812E59E-1357-4D39-9572-32F9A90F4A1F}.Release|x86.Build.0 = Release|Win32
		{6A95DD91-73B2-4E6A-B9EC-79D0D63191AB}.Debug|x64.ActiveCfg = Debug|x64
		{6A95DD91-73B2-4E6A-B9EC-79D0D63191AB}.Debug|x64.Build.0 = Debug|x64
		{6A95DD91-73B2-4E6A-B9EC-79D0D63191AB}.Debug|x86.ActiveCfg = Debug|Win32
		{6A95DD91-73B2-4E6A-B9EC-79D0D63191AB}.Debug|x86.Build.0 = Debug|Win32
		{6A95DD91-73B2-4E6A-B9EC-79D0D63191AB}.Release|x64.ActiveCfg = Release|x64
		{6A95DD91-73B2-4E6A-B9EC-79D0D63191AB}.Release|x64.Build.0 = Release|x64
		{6A95DD91-73B2-4E6A-B9EC-79D0D63191AB}.Release|x86.ActiveCfg = Release|Win32
		{6A95DD91-73B2-4E6A-B9EC-79D0D63191AB}.Release|x86.Build.0 = Release|Win32
		{D18AC06D-FE82-4034-A25E-CF3EFC78993B}.Debug|x64.ActiveCfg = Debug|x64
		{D18AC06D-FE82-4034-A25E-CF3EFC78993B}.Debug|x64.Build.0 = Debug|x64
		{D18AC06D-FE82-4034-A25E-CF3EFC78993B}.Debug|x86.ActiveCfg = Debug|Win32
		{D18AC06D-FE82-4034-A25E-CF3EFC78993B}.Debug|x86.Build.0 = Debug|Win32
		{D18AC06D-FE82-4034-A25E-CF3EFC78993B}.Release|x64.ActiveCfg = Release|x64
		{D18AC06D-FE82-4034-A25E-CF3EFC78993B}.Release|x64.Build.0 = Release|x64
		{D18AC06D-FE82-4034-A25E-CF3EFC78993B}.Release|x86.ActiveCfg = Release|Win32
		{D18AC06D-FE82-4034-A25E-CF3EFC78993B}.Release|x86.Build.0 = Release|Win32
		{048AA64E-4EAC-4ADB-842F-8E581F34A221}.Debug|x64.ActiveCfg = Debug|x64
		{048AA64E-4EAC-4ADB-842F-8E581F34A221}.Debug|x64.Build.0 = Debug|x64
		{048AA64E-4EAC-4ADB-842F-8E581F34A221}.Debug|x86.ActiveCfg = Debug|Win32
		{048AA64E-4EAC-4ADB-842F-8E581F34A221}.Debug|x86.Build.0 = Debug|Win32
		{048AA64E-4EAC-4ADB-842F-8E581F34A221}.Release|x64.ActiveCfg = Release|x64
		{048AA64E-4EAC-4ADB-842F-8E581F34A221}.Release|x64.Build.0 = Release|x64
		{048AA64E-4EAC-4ADB-842F-8E581F34A221}.Release|x86.ActiveCfg = Release|Win32
		{048AA64E-4EAC-4ADB-842F-8E581F34A221}.Release|x86.Build.0 = Release|Win32
		{6E5D2092-8B96-44B3-B75E-091716FFADB4}.Debug|x64.ActiveCfg = Debug|x64
		{6E5D2092-8B96-44B3-B75E-091716FFADB4}.Debug|x64.Build.0 = Debug|x64
		{6E5D2092-8B96-44B3-B75E-091716FFADB4}.Debug|x86.ActiveCfg = Debug|Win32
		{6E5D2092-8B96-44B3-B75E-091716FFADB4}.Debug|x86.Build.0 = Debug|Win32
		{6E5D2092-8B96-44B3-B75E-091716FFADB4}.Release|x64.ActiveCfg = Release|x64
		{6E5D2092-8B96-44B3-B75E-091716FFADB4}.Release|x64.Build.0 = Release|x64
		{6E5D2092-8B96-44B3-B75E-091716FFADB4}.Release|x86.ActiveCfg = Release|Win32
		{6E5D2092-8B96-44B3-B75E-091716FFADB4}.Release|x86.Build.0 = Release|Win32
		{AB4DAF02-968E-4196-BFFA-12750C9B388D}.Debug|x64.ActiveCfg = Debug|x64
		{AB4DAF02-968E-4196-BFFA-12750C9B388D}.Debug|x64.Build.0 = Debug|x64
		{AB4DAF02-968E-4196-BFFA-12750C9B388D}.Debug|x86.ActiveCfg = Debug|Win32
		{AB4DAF02-968E-4196-BFFA-12750C9B388D}.Debug|x86.Build.0 = Debug|Win32
		{AB4DAF02-968E-4196-BFFA-12750C9B388D}.Release|x64.ActiveCfg = Release|x64
		{AB4DAF02-968E-4196-BFFA-12750C9B388D}.Release|x64.Build.0 = Release|x64
		{AB4DAF02-968E-4196-BFFA-12750C9B388D}.Release|x86.ActiveCfg = Release|Win32
		{AB4DAF02-968E-4196-BFFA-12750C9B388D}.Release|x86.Build.0 = Release|Win32
		{78808328-CA28-4C98-80DE-9F339DE55076}.Debug|x64.ActiveCfg = Debug|x64
		{78808328-CA28-4C98-80DE-9F339DE55076}.Debug|x64.Build.0 = Debug|x64
		{78808328-CA28-4C98-80DE-9F339DE55076}.Debug|x86.ActiveCfg = Debug|Win32
		{78808328-CA28-4C98-80DE-9F339DE55076}.Debug|x86.Build.0 = Debug|Win32
		{78808328-CA28-4C98-80DE-9F339DE55076}.Release|x64.ActiveCfg = Release|x64
		{78808328-CA28-4C98-80DE-9F339DE55076}.Release|x64.Build.0 = Release|x64
		{78808328-CA28-4C98-80DE-9F339DE55076}.Release|x86.ActiveCfg = Release|Win32
		{78808328-CA28-4C98-80DE-9F339DE55076}.Release|x86.Build.0 = Release|Win32
		{786AD608-9251-4085-AF14-A4DF225CD4E0}.Debug|x64.ActiveCfg = Debug|x64
		{786AD608-9251-4085-AF14-A4DF225CD4E0}.Debug|x64.Build.0 = Debug|x64
		{786AD608-9251-4085-AF14-A4DF225CD4E0}.Debug|x86.ActiveCfg = Debug|Win32
		{786AD608-9251-4085-AF14-A4DF225CD4E0}.Debug|x86.Build.0 = Debug|Win32
		{786AD608-9251-4085-AF14-A4DF225CD4E0}.Release|x64.ActiveCfg = Release|x64
		{786AD608-9251-4085-AF14-A4DF225CD4E0}.Release|x64.Build.0 = Release|x64
		{786AD608-9251-4085-AF14-A4DF225CD4E0}.Release|x86.ActiveCfg = Release|Win32
		{786AD608-9251-4085-AF14-A4DF225CD4E0}.Release|x86.Build.0 = Release|Win32
		{50CE1381-25B7-49A9-99C8-43E34B8465F2}.Debug|x64.ActiveCfg = Debug|x64
		{50CE1381-25B7-49A9-99C8-43E34B8465F2}.Debug|x64.Build.0 = Debug|x64
		{50CE1381-25B7-49A9-99C8-43E34B8465F2}.Debug|x86.ActiveCfg = Debug|Win32
		{50CE1381-25B7-49A9-99C8-43E34B8465F2}.Debug|x86.Build.0 = Debug|Win32
		{50CE1381-25B7-49A9-99C8-43E34B8465F2}.Release|x64.ActiveCfg = Release|x64
		{50CE1381-25B7-49A9-99C8-43E34B8465F2}.Release|x64.Build.0 = Release|x64
		{50CE1381-25B7-49A9-99C8-43E34B8465F2}.Release|x86.ActiveCfg = Release|Win32
		{50CE1381-25B7-49A9-99C8-43E34B8465F2}.Release|x86.Build.0 = Release|Win32
		{14ABA9D0-7612-4982-B0FB-41E39292F578}.Debug|x64.ActiveCfg = Debug|x64
		{14ABA9D0-7612-4982-B0FB-41E39292F578}.Debug|x64.Build.0 = Debug|x64
		{14ABA9D0-7612-4982-B0FB-41E39292F578}.Debug|x86.ActiveCfg = Debug|Win32
		{14ABA9D0-7612-4982-B0FB-41E39292F578}.Debug|x86.Build.0 = Debug|Win32
		{14ABA9D0-7612-4982-B0FB-41E39292F578}.Release|x64.ActiveCfg = Release|x64
		{14ABA9D0-7612-4982-B0FB-41E39292F578}.Release|x64.Build.0 = Release|x64
		{14ABA9D0-7612-4982-B0FB-41E39292F578}.Release|x86.ActiveCfg = Release|Win32
		{14ABA9D0-7612-4982-B0FB-41E39292F578}.Release|x86.Build.0 = Release|Win32
		{C8B53FB9-BC3F-4C2A-8597-34FFCE73D8D2}.Debug|x64.ActiveCfg = Debug|x64
		{C8B53FB9-BC3F-4C2A-8597-34FFCE73D8D2}.Debug|x64.Build.0 = Debug|x64
		{C8B53FB9-BC3F-4C2A-8597-34FFCE73D8D2}.Debug|x86.ActiveCfg = Debug|Win32
		{C8B53FB9-BC3F-4C2A-8597-34FFCE73D8D2}.Debug|x86.Build.0 = Debug|Win32
		{C8B53FB9-BC3F-4C2A-8597-34FFCE73D8D2}.Release|x64.ActiveCfg = Release|x64
		{C8B53FB9-BC3F-4C2A-8597-34FFCE73D8D2}.Release|x64.Build.0 = Release|x64
		{C8B53FB9-BC3F-4C2A-8597-34FFCE73D8D2}.Release|x86.ActiveCfg = Release|Win32
		{C8B53FB9-BC3F-4C2A-8597-34FFCE73D8D2}.Release|x86.Build.0 = Release|Win32
		{0AD34C75-0830-4330-93AC-5A63123061EF}.Debug|x64.ActiveCfg = Debug|x64
		{0AD34C75-0830-4330-93AC-5A63123061EF}.Debug|x64.Build.0 = Debug|x64
		{0AD34C75-0830-4330-93AC-5A63123061EF}.Debug|x86.ActiveCfg = Debug|Win32
		{0AD34C75-0830-4330-93AC-5A63123061EF}.Debug|x86.Build.0 = Debug|Win32
		{0AD34C75-0830-4330-93AC-5A63123061EF}.Release|x64.ActiveCfg = Release|x64
		{0AD34C75-0830-4330-93AC-5A63123061EF}.Release|x64.Build.0 = Release|x64
		{0AD34C75-0830-4330-93AC-5A63123061EF}.Release|x86.ActiveCfg = Release|Win32
		{0AD34C75-0830-4330-93AC-5A63123061EF}.Release|x86.Build.0 = Release|Win32
		{DF344F07-9927-4546-A5A1-33C8024E96AC}.Debug|x64.ActiveCfg = Debug|x64
		{DF344F07-9927-4546-A5A1-33C8024E96AC}.Debug|x64.Build.0 = Debug|x64
		{DF344F07-9927-4546-A5A1-33C8024E96AC}.Debug|x86.ActiveCfg = Debug|Win32
		{DF344F07-9927-4546-A5A1-33C8024E96AC}.Debug|x86.Build.0 = Debug|Win32
		{DF344F07-9927-4546-A5A1-33C8024E96AC}.Release|x64.ActiveCfg = Release|x64
		{DF344F07-9927-4546-A5A1-33C8024E96AC}.Release|x64.Build.0 = Release|x64
		{DF344F07-9927-4546-A5A1-33C8024E96AC}.Release|x86.ActiveCfg = Release|Win32
		{DF344F07-9927-4546-A5A1-33C8024E96AC}.Release|x86.Build.0 = Release|Win32
		{95CEBE20-2444-4520-8129-B911C63BA9ED}.Debug|x64.ActiveCfg = Debug|x64
		{95CEBE20-2444-4520-8129-B911C63BA9ED}.Debug|x64.Build.0 = Debug|x64
		{95CEBE20-2444-4520-8129-B911C63BA9ED}.Debug|x86.ActiveCfg = Debug|Win32
		{95CEBE20-2444-4520-8129-B911C63BA9ED}.Debug|x86.Build.0 = Debug|Win32
		{95CEBE20-2444-4520-8129-B911C63BA9ED}.Release|x64.ActiveCfg = Release|x64
		{95CEBE20-2444-4520-8129-B911C63BA9ED}.Release|x64.Build.0 = Release|x64
		{95CEBE20-2444-4520-8129-B911C63BA9ED}.Release|x86.ActiveCfg = Release|Win32
		{95CEBE20-2444-4520-8129-B911C63BA9ED}.Release|x86.Build.0 = Release|Win32
		{D8DF5D53-AF42-4AB1-BDF5-5B3F21C0C0CD}.Debug|x64.ActiveCfg = Debug|x64
		{D8DF5D53-AF42-4AB1-BDF5-5B3F21C0C0CD}.Debug|x64.Build.0 = Debug|x64
		{D8DF5D53-AF42-4AB1-BDF5-5B3F21C0C0CD}.Debug|x86.ActiveCfg = Debug|Win32
		{D8DF5D53-AF42-4AB1-BDF5-5B3F21C0C0CD}.Debug|x86.Build.0 = Debug|Win32
		{D8DF5D53-AF42-4AB1-BDF5-5B3F21C0C0CD}.Release|x64.ActiveCfg = Release|x64
		{D8DF5D53-AF42-4AB1-BDF5-5B3F21C0C0CD}.Release|x64.Build.0 = Release|x64
		{D8DF5D53-AF42-4AB1-BDF5-5B3F21C0C0CD}.Release|x86.ActiveCfg = Release|Win32
		{D8DF5D53-AF42-4AB1-BDF5-5B3F21C0C0CD}.Release|x86.Build.0 = Release|Win32
		{A21388C2-02E8-4C52-B777-06AD29E87585}.Debug|x64.ActiveCfg = Debug|x64
		{A21388C2-02E8-4C52-B777-06AD29E87585}.Debug|x64.Build.0 = Debug|x64
		{A21388C2-02E8-4C52-B777-06AD29E87585}.Debug|x86.ActiveCfg = Debug|Win32
		{A21388C2-02E8-4C52-B777-06AD29E87585}.Debug|x86.Build.0 = Debug|Win32
		{A21388C2-02E8-4C52-B777-06AD29E87585}.Release|x64.ActiveCfg = Release|x64
		{A21388C2-02E8-4C52-B777-06AD29E87585}.Release|x64.Build.0 = Release|x64
		{A21388C2-02E8-4C52-B777-06AD29E87585}.Release|x86.ActiveCfg = Release|Win32
		{A21388C2-02E8-4C52-B777-06AD29E87585}.Release|x86.Build.0 = Release|Win32
	EndGlobalSection
	GlobalSection(SolutionProperties) = preSolution
		HideSolutionNode = FALSE
	EndGlobalSection
	GlobalSection(ExtensibilityGlobals) = postSolution
		SolutionGuid = {D0CBBF20-154F-4774-8B0F-C9F27FD4525C}
	EndGlobalSection
EndGlobal
